Microsoft Visual Studio Solution File, Format Version 12.00
# Visual Studio 2012
Project("{FAE04EC0-301F-11D3-BF4B-00C04F79EFBC}") = "Chain Of Time", "Chain Of Time.csproj", "{C72CC293-37D6-4D76-B3E7-385FF5D28CFC}"
EndProject
Global
	GlobalSection(SolutionConfigurationPlatforms) = preSolution
	Debug|Any CPU = Debug|Any CPU
	ExportDebug|Any CPU = ExportDebug|Any CPU
	ExportRelease|Any CPU = ExportRelease|Any CPU
	EndGlobalSection
	GlobalSection(ProjectConfigurationPlatforms) = postSolution
		{C72CC293-37D6-4D76-B3E7-385FF5D28CFC}.Debug|Any CPU.ActiveCfg = Debug|Any CPU
		{C72CC293-37D6-4D76-B3E7-385FF5D28CFC}.Debug|Any CPU.Build.0 = Debug|Any CPU
		{C72CC293-37D6-4D76-B3E7-385FF5D28CFC}.ExportDebug|Any CPU.ActiveCfg = ExportDebug|Any CPU
		{C72CC293-37D6-4D76-B3E7-385FF5D28CFC}.ExportDebug|Any CPU.Build.0 = ExportDebug|Any CPU
		{C72CC293-37D6-4D76-B3E7-385FF5D28CFC}.ExportRelease|Any CPU.ActiveCfg = ExportRelease|Any CPU
		{C72CC293-37D6-4D76-B3E7-385FF5D28CFC}.ExportRelease|Any CPU.Build.0 = ExportRelease|Any CPU
	EndGlobalSection
EndGlobal
